
Microsoft Visual Studio Solution File, Format Version 12.00
# Visual Studio Version 17
VisualStudioVersion = 17.6.33815.320
MinimumVisualStudioVersion = 10.0.40219.1
Project("{FAE04EC0-301F-11D3-BF4B-00C04F79EFBC}") = "LabM", "LabM\LabM.csproj", "{CE8D6202-39CF-49A7-8FFD-AB4F28D28268}"
EndProject
Global
	GlobalSection(SolutionConfigurationPlatforms) = preSolution
		Debug|Any CPU = Debug|Any CPU
		Release|Any CPU = Release|Any CPU
	EndGlobalSection
	GlobalSection(ProjectConfigurationPlatforms) = postSolution
		{CE8D6202-39CF-49A7-8FFD-AB4F28D28268}.Debug|Any CPU.ActiveCfg = Debug|Any CPU
		{CE8D6202-39CF-49A7-8FFD-AB4F28D28268}.Debug|Any CPU.Build.0 = Debug|Any CPU
		{CE8D6202-39CF-49A7-8FFD-AB4F28D28268}.Release|Any CPU.ActiveCfg = Release|Any CPU
		{CE8D6202-39CF-49A7-8FFD-AB4F28D28268}.Release|Any CPU.Build.0 = Release|Any CPU
	EndGlobalSection
	GlobalSection(SolutionProperties) = preSolution
		HideSolutionNode = FALSE
	EndGlobalSection
	GlobalSection(ExtensibilityGlobals) = postSolution
		SolutionGuid = {4806F4B3-F50D-4E5C-B816-E7FA591D6B52}
	EndGlobalSection
EndGlobal
